// !$*UTF8*$!
{
	archiveVersion = 1;
	classes = {
	};
	objectVersion = 55;
	objects = {

/* Begin PBXBuildFile section */
		0500AEBE2879367100FF5809 /* View+Extensions.swift in Sources */ = {isa = PBXBuildFile; fileRef = 0500AEBD2879367100FF5809 /* View+Extensions.swift */; };
		0500AEC1287936C500FF5809 /* SegmentedControlNamespaceKey.swift in Sources */ = {isa = PBXBuildFile; fileRef = 0500AEC0287936C500FF5809 /* SegmentedControlNamespaceKey.swift */; };
		0500AEC3287936F000FF5809 /* SelectedSegmentTagKey.swift in Sources */ = {isa = PBXBuildFile; fileRef = 0500AEC2287936F000FF5809 /* SelectedSegmentTagKey.swift */; };
		0500AEC52879380800FF5809 /* SegmentedControlItemContainer.swift in Sources */ = {isa = PBXBuildFile; fileRef = 0500AEC42879380800FF5809 /* SegmentedControlItemContainer.swift */; };
		051C104E286EA7E9005D2D14 /* TMDB_SwiftUIApp.swift in Sources */ = {isa = PBXBuildFile; fileRef = 051C104D286EA7E9005D2D14 /* TMDB_SwiftUIApp.swift */; };
		051C1052286EA7EB005D2D14 /* Assets.xcassets in Resources */ = {isa = PBXBuildFile; fileRef = 051C1051286EA7EB005D2D14 /* Assets.xcassets */; };
		051C1055286EA7EB005D2D14 /* Preview Assets.xcassets in Resources */ = {isa = PBXBuildFile; fileRef = 051C1054286EA7EB005D2D14 /* Preview Assets.xcassets */; };
		051C105F286EA7EB005D2D14 /* TMDB_SwiftUITests.swift in Sources */ = {isa = PBXBuildFile; fileRef = 051C105E286EA7EB005D2D14 /* TMDB_SwiftUITests.swift */; };
		051C1069286EA7EB005D2D14 /* TMDB_SwiftUIUITests.swift in Sources */ = {isa = PBXBuildFile; fileRef = 051C1068286EA7EB005D2D14 /* TMDB_SwiftUIUITests.swift */; };
		051C106B286EA7EB005D2D14 /* TMDB_SwiftUIUITestsLaunchTests.swift in Sources */ = {isa = PBXBuildFile; fileRef = 051C106A286EA7EB005D2D14 /* TMDB_SwiftUIUITestsLaunchTests.swift */; };
		051C107A286EA82B005D2D14 /* CircularProgressView.swift in Sources */ = {isa = PBXBuildFile; fileRef = 051C1079286EA82B005D2D14 /* CircularProgressView.swift */; };
		0528EB732870FB7D0069A403 /* ContentView.swift in Sources */ = {isa = PBXBuildFile; fileRef = 0528EB722870FB7D0069A403 /* ContentView.swift */; };
		05478D18287102440030CE39 /* SegmentedView.swift in Sources */ = {isa = PBXBuildFile; fileRef = 05478D17287102440030CE39 /* SegmentedView.swift */; };
		05EFB4D62873CA8A00EB8166 /* CustomSegmentedControl.swift in Sources */ = {isa = PBXBuildFile; fileRef = 05EFB4D52873CA8A00EB8166 /* CustomSegmentedControl.swift */; };
/* End PBXBuildFile section */

/* Begin PBXContainerItemProxy section */
		051C105B286EA7EB005D2D14 /* PBXContainerItemProxy */ = {
			isa = PBXContainerItemProxy;
			containerPortal = 051C1042286EA7E9005D2D14 /* Project object */;
			proxyType = 1;
			remoteGlobalIDString = 051C1049286EA7E9005D2D14;
			remoteInfo = "TMDB-SwiftUI";
		};
		051C1065286EA7EB005D2D14 /* PBXContainerItemProxy */ = {
			isa = PBXContainerItemProxy;
			containerPortal = 051C1042286EA7E9005D2D14 /* Project object */;
			proxyType = 1;
			remoteGlobalIDString = 051C1049286EA7E9005D2D14;
			remoteInfo = "TMDB-SwiftUI";
		};
/* End PBXContainerItemProxy section */

/* Begin PBXFileReference section */
		0500AEBD2879367100FF5809 /* View+Extensions.swift */ = {isa = PBXFileReference; lastKnownFileType = sourcecode.swift; path = "View+Extensions.swift"; sourceTree = "<group>"; };
		0500AEC0287936C500FF5809 /* SegmentedControlNamespaceKey.swift */ = {isa = PBXFileReference; lastKnownFileType = sourcecode.swift; path = SegmentedControlNamespaceKey.swift; sourceTree = "<group>"; };
		0500AEC2287936F000FF5809 /* SelectedSegmentTagKey.swift */ = {isa = PBXFileReference; lastKnownFileType = sourcecode.swift; path = SelectedSegmentTagKey.swift; sourceTree = "<group>"; };
		0500AEC42879380800FF5809 /* SegmentedControlItemContainer.swift */ = {isa = PBXFileReference; lastKnownFileType = sourcecode.swift; path = SegmentedControlItemContainer.swift; sourceTree = "<group>"; };
		051C104A286EA7E9005D2D14 /* TMDB-SwiftUI.app */ = {isa = PBXFileReference; explicitFileType = wrapper.application; includeInIndex = 0; path = "TMDB-SwiftUI.app"; sourceTree = BUILT_PRODUCTS_DIR; };
		051C104D286EA7E9005D2D14 /* TMDB_SwiftUIApp.swift */ = {isa = PBXFileReference; lastKnownFileType = sourcecode.swift; path = TMDB_SwiftUIApp.swift; sourceTree = "<group>"; };
		051C1051286EA7EB005D2D14 /* Assets.xcassets */ = {isa = PBXFileReference; lastKnownFileType = folder.assetcatalog; path = Assets.xcassets; sourceTree = "<group>"; };
		051C1054286EA7EB005D2D14 /* Preview Assets.xcassets */ = {isa = PBXFileReference; lastKnownFileType = folder.assetcatalog; path = "Preview Assets.xcassets"; sourceTree = "<group>"; };
		051C105A286EA7EB005D2D14 /* TMDB-SwiftUITests.xctest */ = {isa = PBXFileReference; explicitFileType = wrapper.cfbundle; includeInIndex = 0; path = "TMDB-SwiftUITests.xctest"; sourceTree = BUILT_PRODUCTS_DIR; };
		051C105E286EA7EB005D2D14 /* TMDB_SwiftUITests.swift */ = {isa = PBXFileReference; lastKnownFileType = sourcecode.swift; path = TMDB_SwiftUITests.swift; sourceTree = "<group>"; };
		051C1064286EA7EB005D2D14 /* TMDB-SwiftUIUITests.xctest */ = {isa = PBXFileReference; explicitFileType = wrapper.cfbundle; includeInIndex = 0; path = "TMDB-SwiftUIUITests.xctest"; sourceTree = BUILT_PRODUCTS_DIR; };
		051C1068286EA7EB005D2D14 /* TMDB_SwiftUIUITests.swift */ = {isa = PBXFileReference; lastKnownFileType = sourcecode.swift; path = TMDB_SwiftUIUITests.swift; sourceTree = "<group>"; };
		051C106A286EA7EB005D2D14 /* TMDB_SwiftUIUITestsLaunchTests.swift */ = {isa = PBXFileReference; lastKnownFileType = sourcecode.swift; path = TMDB_SwiftUIUITestsLaunchTests.swift; sourceTree = "<group>"; };
		051C1079286EA82B005D2D14 /* CircularProgressView.swift */ = {isa = PBXFileReference; lastKnownFileType = sourcecode.swift; path = CircularProgressView.swift; sourceTree = "<group>"; };
		0528EB722870FB7D0069A403 /* ContentView.swift */ = {isa = PBXFileReference; lastKnownFileType = sourcecode.swift; path = ContentView.swift; sourceTree = "<group>"; };
		05478D17287102440030CE39 /* SegmentedView.swift */ = {isa = PBXFileReference; fileEncoding = 4; lastKnownFileType = sourcecode.swift; path = SegmentedView.swift; sourceTree = "<group>"; };
		05EFB4D52873CA8A00EB8166 /* CustomSegmentedControl.swift */ = {isa = PBXFileReference; lastKnownFileType = sourcecode.swift; path = CustomSegmentedControl.swift; sourceTree = "<group>"; };
/* End PBXFileReference section */

/* Begin PBXFrameworksBuildPhase section */
		051C1047286EA7E9005D2D14 /* Frameworks */ = {
			isa = PBXFrameworksBuildPhase;
			buildActionMask = 2147483647;
			files = (
			);
			runOnlyForDeploymentPostprocessing = 0;
		};
		051C1057286EA7EB005D2D14 /* Frameworks */ = {
			isa = PBXFrameworksBuildPhase;
			buildActionMask = 2147483647;
			files = (
			);
			runOnlyForDeploymentPostprocessing = 0;
		};
		051C1061286EA7EB005D2D14 /* Frameworks */ = {
			isa = PBXFrameworksBuildPhase;
			buildActionMask = 2147483647;
			files = (
			);
			runOnlyForDeploymentPostprocessing = 0;
		};
/* End PBXFrameworksBuildPhase section */

/* Begin PBXGroup section */
		0500AEBC2879365400FF5809 /* Extension */ = {
			isa = PBXGroup;
			children = (
				0500AEBD2879367100FF5809 /* View+Extensions.swift */,
			);
			path = Extension;
			sourceTree = "<group>";
		};
		0500AEBF287936A800FF5809 /* Shared */ = {
			isa = PBXGroup;
			children = (
				0500AEC0287936C500FF5809 /* SegmentedControlNamespaceKey.swift */,
				0500AEC2287936F000FF5809 /* SelectedSegmentTagKey.swift */,
			);
			path = Shared;
			sourceTree = "<group>";
		};
		051C1041286EA7E9005D2D14 = {
			isa = PBXGroup;
			children = (
				051C104C286EA7E9005D2D14 /* TMDB-SwiftUI */,
				051C105D286EA7EB005D2D14 /* TMDB-SwiftUITests */,
				051C1067286EA7EB005D2D14 /* TMDB-SwiftUIUITests */,
				051C104B286EA7E9005D2D14 /* Products */,
				0528EB712870FB210069A403 /* Recovered References */,
			);
			sourceTree = "<group>";
		};
		051C104B286EA7E9005D2D14 /* Products */ = {
			isa = PBXGroup;
			children = (
				051C104A286EA7E9005D2D14 /* TMDB-SwiftUI.app */,
				051C105A286EA7EB005D2D14 /* TMDB-SwiftUITests.xctest */,
				051C1064286EA7EB005D2D14 /* TMDB-SwiftUIUITests.xctest */,
			);
			name = Products;
			sourceTree = "<group>";
		};
		051C104C286EA7E9005D2D14 /* TMDB-SwiftUI */ = {
			isa = PBXGroup;
			children = (
				0500AEBF287936A800FF5809 /* Shared */,
				0500AEBC2879365400FF5809 /* Extension */,
				051C1077286EA815005D2D14 /* Views */,
				051C104D286EA7E9005D2D14 /* TMDB_SwiftUIApp.swift */,
				051C1051286EA7EB005D2D14 /* Assets.xcassets */,
				051C1053286EA7EB005D2D14 /* Preview Content */,
			);
			path = "TMDB-SwiftUI";
			sourceTree = "<group>";
		};
		051C1053286EA7EB005D2D14 /* Preview Content */ = {
			isa = PBXGroup;
			children = (
				051C1054286EA7EB005D2D14 /* Preview Assets.xcassets */,
			);
			path = "Preview Content";
			sourceTree = "<group>";
		};
		051C105D286EA7EB005D2D14 /* TMDB-SwiftUITests */ = {
			isa = PBXGroup;
			children = (
				051C105E286EA7EB005D2D14 /* TMDB_SwiftUITests.swift */,
			);
			path = "TMDB-SwiftUITests";
			sourceTree = "<group>";
		};
		051C1067286EA7EB005D2D14 /* TMDB-SwiftUIUITests */ = {
			isa = PBXGroup;
			children = (
				051C1068286EA7EB005D2D14 /* TMDB_SwiftUIUITests.swift */,
				051C106A286EA7EB005D2D14 /* TMDB_SwiftUIUITestsLaunchTests.swift */,
			);
			path = "TMDB-SwiftUIUITests";
			sourceTree = "<group>";
		};
		051C1077286EA815005D2D14 /* Views */ = {
			isa = PBXGroup;
			children = (
				05478D17287102440030CE39 /* SegmentedView.swift */,
				051C1079286EA82B005D2D14 /* CircularProgressView.swift */,
				0528EB722870FB7D0069A403 /* ContentView.swift */,
				05EFB4D52873CA8A00EB8166 /* CustomSegmentedControl.swift */,
				0500AEC42879380800FF5809 /* SegmentedControlItemContainer.swift */,
			);
			path = Views;
			sourceTree = "<group>";
		};
		0528EB712870FB210069A403 /* Recovered References */ = {
			isa = PBXGroup;
			children = (
			);
			name = "Recovered References";
			sourceTree = "<group>";
		};
/* End PBXGroup section */

/* Begin PBXNativeTarget section */
		051C1049286EA7E9005D2D14 /* TMDB-SwiftUI */ = {
			isa = PBXNativeTarget;
			buildConfigurationList = 051C106E286EA7EB005D2D14 /* Build configuration list for PBXNativeTarget "TMDB-SwiftUI" */;
			buildPhases = (
				051C1046286EA7E9005D2D14 /* Sources */,
				051C1047286EA7E9005D2D14 /* Frameworks */,
				051C1048286EA7E9005D2D14 /* Resources */,
			);
			buildRules = (
			);
			dependencies = (
			);
			name = "TMDB-SwiftUI";
			productName = "TMDB-SwiftUI";
			productReference = 051C104A286EA7E9005D2D14 /* TMDB-SwiftUI.app */;
			productType = "com.apple.product-type.application";
		};
		051C1059286EA7EB005D2D14 /* TMDB-SwiftUITests */ = {
			isa = PBXNativeTarget;
			buildConfigurationList = 051C1071286EA7EB005D2D14 /* Build configuration list for PBXNativeTarget "TMDB-SwiftUITests" */;
			buildPhases = (
				051C1056286EA7EB005D2D14 /* Sources */,
				051C1057286EA7EB005D2D14 /* Frameworks */,
				051C1058286EA7EB005D2D14 /* Resources */,
			);
			buildRules = (
			);
			dependencies = (
				051C105C286EA7EB005D2D14 /* PBXTargetDependency */,
			);
			name = "TMDB-SwiftUITests";
			productName = "TMDB-SwiftUITests";
			productReference = 051C105A286EA7EB005D2D14 /* TMDB-SwiftUITests.xctest */;
			productType = "com.apple.product-type.bundle.unit-test";
		};
		051C1063286EA7EB005D2D14 /* TMDB-SwiftUIUITests */ = {
			isa = PBXNativeTarget;
			buildConfigurationList = 051C1074286EA7EB005D2D14 /* Build configuration list for PBXNativeTarget "TMDB-SwiftUIUITests" */;
			buildPhases = (
				051C1060286EA7EB005D2D14 /* Sources */,
				051C1061286EA7EB005D2D14 /* Frameworks */,
				051C1062286EA7EB005D2D14 /* Resources */,
			);
			buildRules = (
			);
			dependencies = (
				051C1066286EA7EB005D2D14 /* PBXTargetDependency */,
			);
			name = "TMDB-SwiftUIUITests";
			productName = "TMDB-SwiftUIUITests";
			productReference = 051C1064286EA7EB005D2D14 /* TMDB-SwiftUIUITests.xctest */;
			productType = "com.apple.product-type.bundle.ui-testing";
		};
/* End PBXNativeTarget section */

/* Begin PBXProject section */
		051C1042286EA7E9005D2D14 /* Project object */ = {
			isa = PBXProject;
			attributes = {
				BuildIndependentTargetsInParallel = 1;
				LastSwiftUpdateCheck = 1330;
				LastUpgradeCheck = 1330;
				TargetAttributes = {
					051C1049286EA7E9005D2D14 = {
						CreatedOnToolsVersion = 13.3.1;
					};
					051C1059286EA7EB005D2D14 = {
						CreatedOnToolsVersion = 13.3.1;
						TestTargetID = 051C1049286EA7E9005D2D14;
					};
					051C1063286EA7EB005D2D14 = {
						CreatedOnToolsVersion = 13.3.1;
						TestTargetID = 051C1049286EA7E9005D2D14;
					};
				};
			};
			buildConfigurationList = 051C1045286EA7E9005D2D14 /* Build configuration list for PBXProject "TMDB-SwiftUI" */;
			compatibilityVersion = "Xcode 13.0";
			developmentRegion = en;
			hasScannedForEncodings = 0;
			knownRegions = (
				en,
				Base,
			);
			mainGroup = 051C1041286EA7E9005D2D14;
			productRefGroup = 051C104B286EA7E9005D2D14 /* Products */;
			projectDirPath = "";
			projectRoot = "";
			targets = (
				051C1049286EA7E9005D2D14 /* TMDB-SwiftUI */,
				051C1059286EA7EB005D2D14 /* TMDB-SwiftUITests */,
				051C1063286EA7EB005D2D14 /* TMDB-SwiftUIUITests */,
			);
		};
/* End PBXProject section */

/* Begin PBXResourcesBuildPhase section */
		051C1048286EA7E9005D2D14 /* Resources */ = {
			isa = PBXResourcesBuildPhase;
			buildActionMask = 2147483647;
			files = (
				051C1055286EA7EB005D2D14 /* Preview Assets.xcassets in Resources */,
				051C1052286EA7EB005D2D14 /* Assets.xcassets in Resources */,
			);
			runOnlyForDeploymentPostprocessing = 0;
		};
		051C1058286EA7EB005D2D14 /* Resources */ = {
			isa = PBXResourcesBuildPhase;
			buildActionMask = 2147483647;
			files = (
			);
			runOnlyForDeploymentPostprocessing = 0;
		};
		051C1062286EA7EB005D2D14 /* Resources */ = {
			isa = PBXResourcesBuildPhase;
			buildActionMask = 2147483647;
			files = (
			);
			runOnlyForDeploymentPostprocessing = 0;
		};
/* End PBXResourcesBuildPhase section */

/* Begin PBXSourcesBuildPhase section */
		051C1046286EA7E9005D2D14 /* Sources */ = {
			isa = PBXSourcesBuildPhase;
			buildActionMask = 2147483647;
			files = (
				051C107A286EA82B005D2D14 /* CircularProgressView.swift in Sources */,
				0500AEC52879380800FF5809 /* SegmentedControlItemContainer.swift in Sources */,
				0500AEBE2879367100FF5809 /* View+Extensions.swift in Sources */,
				05478D18287102440030CE39 /* SegmentedView.swift in Sources */,
				051C104E286EA7E9005D2D14 /* TMDB_SwiftUIApp.swift in Sources */,
				0500AEC1287936C500FF5809 /* SegmentedControlNamespaceKey.swift in Sources */,
				05EFB4D62873CA8A00EB8166 /* CustomSegmentedControl.swift in Sources */,
				0528EB732870FB7D0069A403 /* ContentView.swift in Sources */,
				0500AEC3287936F000FF5809 /* SelectedSegmentTagKey.swift in Sources */,
			);
			runOnlyForDeploymentPostprocessing = 0;
		};
		051C1056286EA7EB005D2D14 /* Sources */ = {
			isa = PBXSourcesBuildPhase;
			buildActionMask = 2147483647;
			files = (
				051C105F286EA7EB005D2D14 /* TMDB_SwiftUITests.swift in Sources */,
			);
			runOnlyForDeploymentPostprocessing = 0;
		};
		051C1060286EA7EB005D2D14 /* Sources */ = {
			isa = PBXSourcesBuildPhase;
			buildActionMask = 2147483647;
			files = (
				051C1069286EA7EB005D2D14 /* TMDB_SwiftUIUITests.swift in Sources */,
				051C106B286EA7EB005D2D14 /* TMDB_SwiftUIUITestsLaunchTests.swift in Sources */,
			);
			runOnlyForDeploymentPostprocessing = 0;
		};
/* End PBXSourcesBuildPhase section */

/* Begin PBXTargetDependency section */
		051C105C286EA7EB005D2D14 /* PBXTargetDependency */ = {
			isa = PBXTargetDependency;
			target = 051C1049286EA7E9005D2D14 /* TMDB-SwiftUI */;
			targetProxy = 051C105B286EA7EB005D2D14 /* PBXContainerItemProxy */;
		};
		051C1066286EA7EB005D2D14 /* PBXTargetDependency */ = {
			isa = PBXTargetDependency;
			target = 051C1049286EA7E9005D2D14 /* TMDB-SwiftUI */;
			targetProxy = 051C1065286EA7EB005D2D14 /* PBXContainerItemProxy */;
		};
/* End PBXTargetDependency section */

/* Begin XCBuildConfiguration section */
		051C106C286EA7EB005D2D14 /* Debug */ = {
			isa = XCBuildConfiguration;
			buildSettings = {
				ALWAYS_SEARCH_USER_PATHS = NO;
				CLANG_ANALYZER_NONNULL = YES;
				CLANG_ANALYZER_NUMBER_OBJECT_CONVERSION = YES_AGGRESSIVE;
				CLANG_CXX_LANGUAGE_STANDARD = "gnu++17";
				CLANG_ENABLE_MODULES = YES;
				CLANG_ENABLE_OBJC_ARC = YES;
				CLANG_ENABLE_OBJC_WEAK = YES;
				CLANG_WARN_BLOCK_CAPTURE_AUTORELEASING = YES;
				CLANG_WARN_BOOL_CONVERSION = YES;
				CLANG_WARN_COMMA = YES;
				CLANG_WARN_CONSTANT_CONVERSION = YES;
				CLANG_WARN_DEPRECATED_OBJC_IMPLEMENTATIONS = YES;
				CLANG_WARN_DIRECT_OBJC_ISA_USAGE = YES_ERROR;
				CLANG_WARN_DOCUMENTATION_COMMENTS = YES;
				CLANG_WARN_EMPTY_BODY = YES;
				CLANG_WARN_ENUM_CONVERSION = YES;
				CLANG_WARN_INFINITE_RECURSION = YES;
				CLANG_WARN_INT_CONVERSION = YES;
				CLANG_WARN_NON_LITERAL_NULL_CONVERSION = YES;
				CLANG_WARN_OBJC_IMPLICIT_RETAIN_SELF = YES;
				CLANG_WARN_OBJC_LITERAL_CONVERSION = YES;
				CLANG_WARN_OBJC_ROOT_CLASS = YES_ERROR;
				CLANG_WARN_QUOTED_INCLUDE_IN_FRAMEWORK_HEADER = YES;
				CLANG_WARN_RANGE_LOOP_ANALYSIS = YES;
				CLANG_WARN_STRICT_PROTOTYPES = YES;
				CLANG_WARN_SUSPICIOUS_MOVE = YES;
				CLANG_WARN_UNGUARDED_AVAILABILITY = YES_AGGRESSIVE;
				CLANG_WARN_UNREACHABLE_CODE = YES;
				CLANG_WARN__DUPLICATE_METHOD_MATCH = YES;
				COPY_PHASE_STRIP = NO;
				DEBUG_INFORMATION_FORMAT = dwarf;
				ENABLE_STRICT_OBJC_MSGSEND = YES;
				ENABLE_TESTABILITY = YES;
				GCC_C_LANGUAGE_STANDARD = gnu11;
				GCC_DYNAMIC_NO_PIC = NO;
				GCC_NO_COMMON_BLOCKS = YES;
				GCC_OPTIMIZATION_LEVEL = 0;
				GCC_PREPROCESSOR_DEFINITIONS = (
					"DEBUG=1",
					"$(inherited)",
				);
				GCC_WARN_64_TO_32_BIT_CONVERSION = YES;
				GCC_WARN_ABOUT_RETURN_TYPE = YES_ERROR;
				GCC_WARN_UNDECLARED_SELECTOR = YES;
				GCC_WARN_UNINITIALIZED_AUTOS = YES_AGGRESSIVE;
				GCC_WARN_UNUSED_FUNCTION = YES;
				GCC_WARN_UNUSED_VARIABLE = YES;
				IPHONEOS_DEPLOYMENT_TARGET = 15.4;
				MTL_ENABLE_DEBUG_INFO = INCLUDE_SOURCE;
				MTL_FAST_MATH = YES;
				ONLY_ACTIVE_ARCH = YES;
				SDKROOT = iphoneos;
				SWIFT_ACTIVE_COMPILATION_CONDITIONS = DEBUG;
				SWIFT_OPTIMIZATION_LEVEL = "-Onone";
			};
			name = Debug;
		};
		051C106D286EA7EB005D2D14 /* Release */ = {
			isa = XCBuildConfiguration;
			buildSettings = {
				ALWAYS_SEARCH_USER_PATHS = NO;
				CLANG_ANALYZER_NONNULL = YES;
				CLANG_ANALYZER_NUMBER_OBJECT_CONVERSION = YES_AGGRESSIVE;
				CLANG_CXX_LANGUAGE_STANDARD = "gnu++17";
				CLANG_ENABLE_MODULES = YES;
				CLANG_ENABLE_OBJC_ARC = YES;
				CLANG_ENABLE_OBJC_WEAK = YES;
				CLANG_WARN_BLOCK_CAPTURE_AUTORELEASING = YES;
				CLANG_WARN_BOOL_CONVERSION = YES;
				CLANG_WARN_COMMA = YES;
				CLANG_WARN_CONSTANT_CONVERSION = YES;
				CLANG_WARN_DEPRECATED_OBJC_IMPLEMENTATIONS = YES;
				CLANG_WARN_DIRECT_OBJC_ISA_USAGE = YES_ERROR;
				CLANG_WARN_DOCUMENTATION_COMMENTS = YES;
				CLANG_WARN_EMPTY_BODY = YES;
				CLANG_WARN_ENUM_CONVERSION = YES;
				CLANG_WARN_INFINITE_RECURSION = YES;
				CLANG_WARN_INT_CONVERSION = YES;
				CLANG_WARN_NON_LITERAL_NULL_CONVERSION = YES;
				CLANG_WARN_OBJC_IMPLICIT_RETAIN_SELF = YES;
				CLANG_WARN_OBJC_LITERAL_CONVERSION = YES;
				CLANG_WARN_OBJC_ROOT_CLASS = YES_ERROR;
				CLANG_WARN_QUOTED_INCLUDE_IN_FRAMEWORK_HEADER = YES;
				CLANG_WARN_RANGE_LOOP_ANALYSIS = YES;
				CLANG_WARN_STRICT_PROTOTYPES = YES;
				CLANG_WARN_SUSPICIOUS_MOVE = YES;
				CLANG_WARN_UNGUARDED_AVAILABILITY = YES_AGGRESSIVE;
				CLANG_WARN_UNREACHABLE_CODE = YES;
				CLANG_WARN__DUPLICATE_METHOD_MATCH = YES;
				COPY_PHASE_STRIP = NO;
				DEBUG_INFORMATION_FORMAT = "dwarf-with-dsym";
				ENABLE_NS_ASSERTIONS = NO;
				ENABLE_STRICT_OBJC_MSGSEND = YES;
				GCC_C_LANGUAGE_STANDARD = gnu11;
				GCC_NO_COMMON_BLOCKS = YES;
				GCC_WARN_64_TO_32_BIT_CONVERSION = YES;
				GCC_WARN_ABOUT_RETURN_TYPE = YES_ERROR;
				GCC_WARN_UNDECLARED_SELECTOR = YES;
				GCC_WARN_UNINITIALIZED_AUTOS = YES_AGGRESSIVE;
				GCC_WARN_UNUSED_FUNCTION = YES;
				GCC_WARN_UNUSED_VARIABLE = YES;
				IPHONEOS_DEPLOYMENT_TARGET = 15.4;
				MTL_ENABLE_DEBUG_INFO = NO;
				MTL_FAST_MATH = YES;
				SDKROOT = iphoneos;
				SWIFT_COMPILATION_MODE = wholemodule;
				SWIFT_OPTIMIZATION_LEVEL = "-O";
				VALIDATE_PRODUCT = YES;
			};
			name = Release;
		};
		051C106F286EA7EB005D2D14 /* Debug */ = {
			isa = XCBuildConfiguration;
			buildSettings = {
				ASSETCATALOG_COMPILER_APPICON_NAME = AppIcon;
				ASSETCATALOG_COMPILER_GLOBAL_ACCENT_COLOR_NAME = AccentColor;
				CODE_SIGN_STYLE = Automatic;
				CURRENT_PROJECT_VERSION = 1;
				DEVELOPMENT_ASSET_PATHS = "\"TMDB-SwiftUI/Preview Content\"";
				ENABLE_PREVIEWS = YES;
				GENERATE_INFOPLIST_FILE = YES;
				INFOPLIST_KEY_UIApplicationSceneManifest_Generation = YES;
				INFOPLIST_KEY_UIApplicationSupportsIndirectInputEvents = YES;
				INFOPLIST_KEY_UILaunchScreen_Generation = YES;
				INFOPLIST_KEY_UISupportedInterfaceOrientations_iPad = "UIInterfaceOrientationPortrait UIInterfaceOrientationPortraitUpsideDown UIInterfaceOrientationLandscapeLeft UIInterfaceOrientationLandscapeRight";
				INFOPLIST_KEY_UISupportedInterfaceOrientations_iPhone = "UIInterfaceOrientationPortrait UIInterfaceOrientationLandscapeLeft UIInterfaceOrientationLandscapeRight";
				LD_RUNPATH_SEARCH_PATHS = (
					"$(inherited)",
					"@executable_path/Frameworks",
				);
				MARKETING_VERSION = 1.0;
				PRODUCT_BUNDLE_IDENTIFIER = "com.aldair.dev369.TMDB-SwiftUI";
				PRODUCT_NAME = "$(TARGET_NAME)";
				SWIFT_EMIT_LOC_STRINGS = YES;
				SWIFT_VERSION = 5.0;
				TARGETED_DEVICE_FAMILY = "1,2";
			};
			name = Debug;
		};
		051C1070286EA7EB005D2D14 /* Release */ = {
			isa = XCBuildConfiguration;
			buildSettings = {
				ASSETCATALOG_COMPILER_APPICON_NAME = AppIcon;
				ASSETCATALOG_COMPILER_GLOBAL_ACCENT_COLOR_NAME = AccentColor;
				CODE_SIGN_STYLE = Automatic;
				CURRENT_PROJECT_VERSION = 1;
				DEVELOPMENT_ASSET_PATHS = "\"TMDB-SwiftUI/Preview Content\"";
				ENABLE_PREVIEWS = YES;
				GENERATE_INFOPLIST_FILE = YES;
				INFOPLIST_KEY_UIApplicationSceneManifest_Generation = YES;
				INFOPLIST_KEY_UIApplicationSupportsIndirectInputEvents = YES;
				INFOPLIST_KEY_UILaunchScreen_Generation = YES;
				INFOPLIST_KEY_UISupportedInterfaceOrientations_iPad = "UIInterfaceOrientationPortrait UIInterfaceOrientationPortraitUpsideDown UIInterfaceOrientationLandscapeLeft UIInterfaceOrientationLandscapeRight";
				INFOPLIST_KEY_UISupportedInterfaceOrientations_iPhone = "UIInterfaceOrientationPortrait UIInterfaceOrientationLandscapeLeft UIInterfaceOrientationLandscapeRight";
				LD_RUNPATH_SEARCH_PATHS = (
					"$(inherited)",
					"@executable_path/Frameworks",
				);
				MARKETING_VERSION = 1.0;
				PRODUCT_BUNDLE_IDENTIFIER = "com.aldair.dev369.TMDB-SwiftUI";
				PRODUCT_NAME = "$(TARGET_NAME)";
				SWIFT_EMIT_LOC_STRINGS = YES;
				SWIFT_VERSION = 5.0;
				TARGETED_DEVICE_FAMILY = "1,2";
			};
			name = Release;
		};
		051C1072286EA7EB005D2D14 /* Debug */ = {
			isa = XCBuildConfiguration;
			buildSettings = {
				ALWAYS_EMBED_SWIFT_STANDARD_LIBRARIES = YES;
				BUNDLE_LOADER = "$(TEST_HOST)";
				CODE_SIGN_STYLE = Automatic;
				CURRENT_PROJECT_VERSION = 1;
				GENERATE_INFOPLIST_FILE = YES;
				IPHONEOS_DEPLOYMENT_TARGET = 15.4;
				MARKETING_VERSION = 1.0;
				PRODUCT_BUNDLE_IDENTIFIER = "com.aldair.dev369.TMDB-SwiftUITests";
				PRODUCT_NAME = "$(TARGET_NAME)";
				SWIFT_EMIT_LOC_STRINGS = NO;
				SWIFT_VERSION = 5.0;
				TARGETED_DEVICE_FAMILY = "1,2";
				TEST_HOST = "$(BUILT_PRODUCTS_DIR)/TMDB-SwiftUI.app/TMDB-SwiftUI";
			};
			name = Debug;
		};
		051C1073286EA7EB005D2D14 /* Release */ = {
			isa = XCBuildConfiguration;
			buildSettings = {
				ALWAYS_EMBED_SWIFT_STANDARD_LIBRARIES = YES;
				BUNDLE_LOADER = "$(TEST_HOST)";
				CODE_SIGN_STYLE = Automatic;
				CURRENT_PROJECT_VERSION = 1;
				GENERATE_INFOPLIST_FILE = YES;
				IPHONEOS_DEPLOYMENT_TARGET = 15.4;
				MARKETING_VERSION = 1.0;
				PRODUCT_BUNDLE_IDENTIFIER = "com.aldair.dev369.TMDB-SwiftUITests";
				PRODUCT_NAME = "$(TARGET_NAME)";
				SWIFT_EMIT_LOC_STRINGS = NO;
				SWIFT_VERSION = 5.0;
				TARGETED_DEVICE_FAMILY = "1,2";
				TEST_HOST = "$(BUILT_PRODUCTS_DIR)/TMDB-SwiftUI.app/TMDB-SwiftUI";
			};
			name = Release;
		};
		051C1075286EA7EB005D2D14 /* Debug */ = {
			isa = XCBuildConfiguration;
			buildSettings = {
				ALWAYS_EMBED_SWIFT_STANDARD_LIBRARIES = YES;
				CODE_SIGN_STYLE = Automatic;
				CURRENT_PROJECT_VERSION = 1;
				GENERATE_INFOPLIST_FILE = YES;
				MARKETING_VERSION = 1.0;
				PRODUCT_BUNDLE_IDENTIFIER = "com.aldair.dev369.TMDB-SwiftUIUITests";
				PRODUCT_NAME = "$(TARGET_NAME)";
				SWIFT_EMIT_LOC_STRINGS = NO;
				SWIFT_VERSION = 5.0;
				TARGETED_DEVICE_FAMILY = "1,2";
				TEST_TARGET_NAME = "TMDB-SwiftUI";
			};
			name = Debug;
		};
		051C1076286EA7EB005D2D14 /* Release */ = {
			isa = XCBuildConfiguration;
			buildSettings = {
				ALWAYS_EMBED_SWIFT_STANDARD_LIBRARIES = YES;
				CODE_SIGN_STYLE = Automatic;
				CURRENT_PROJECT_VERSION = 1;
				GENERATE_INFOPLIST_FILE = YES;
				MARKETING_VERSION = 1.0;
				PRODUCT_BUNDLE_IDENTIFIER = "com.aldair.dev369.TMDB-SwiftUIUITests";
				PRODUCT_NAME = "$(TARGET_NAME)";
				SWIFT_EMIT_LOC_STRINGS = NO;
				SWIFT_VERSION = 5.0;
				TARGETED_DEVICE_FAMILY = "1,2";
				TEST_TARGET_NAME = "TMDB-SwiftUI";
			};
			name = Release;
		};
/* End XCBuildConfiguration section */

/* Begin XCConfigurationList section */
		051C1045286EA7E9005D2D14 /* Build configuration list for PBXProject "TMDB-SwiftUI" */ = {
			isa = XCConfigurationList;
			buildConfigurations = (
				051C106C286EA7EB005D2D14 /* Debug */,
				051C106D286EA7EB005D2D14 /* Release */,
			);
			defaultConfigurationIsVisible = 0;
			defaultConfigurationName = Release;
		};
		051C106E286EA7EB005D2D14 /* Build configuration list for PBXNativeTarget "TMDB-SwiftUI" */ = {
			isa = XCConfigurationList;
			buildConfigurations = (
				051C106F286EA7EB005D2D14 /* Debug */,
				051C1070286EA7EB005D2D14 /* Release */,
			);
			defaultConfigurationIsVisible = 0;
			defaultConfigurationName = Release;
		};
		051C1071286EA7EB005D2D14 /* Build configuration list for PBXNativeTarget "TMDB-SwiftUITests" */ = {
			isa = XCConfigurationList;
			buildConfigurations = (
				051C1072286EA7EB005D2D14 /* Debug */,
				051C1073286EA7EB005D2D14 /* Release */,
			);
			defaultConfigurationIsVisible = 0;
			defaultConfigurationName = Release;
		};
		051C1074286EA7EB005D2D14 /* Build configuration list for PBXNativeTarget "TMDB-SwiftUIUITests" */ = {
			isa = XCConfigurationList;
			buildConfigurations = (
				051C1075286EA7EB005D2D14 /* Debug */,
				051C1076286EA7EB005D2D14 /* Release */,
			);
			defaultConfigurationIsVisible = 0;
			defaultConfigurationName = Release;
		};
/* End XCConfigurationList section */
	};
	rootObject = 051C1042286EA7E9005D2D14 /* Project object */;
}
