// !$*UTF8*$!
{
	archiveVersion = 1;
	classes = {
	};
	objectVersion = 55;
	objects = {

/* Begin PBXBuildFile section */
		0500AEBE2879367100FF5809 /* View+Extensions.swift in Sources */ = {isa = PBXBuildFile; fileRef = 0500AEBD2879367100FF5809 /* View+Extensions.swift */; };
		0500AEC1287936C500FF5809 /* SegmentedControlNamespaceKey.swift in Sources */ = {isa = PBXBuildFile; fileRef = 0500AEC0287936C500FF5809 /* SegmentedControlNamespaceKey.swift */; };
		0500AEC3287936F000FF5809 /* SelectedSegmentTagKey.swift in Sources */ = {isa = PBXBuildFile; fileRef = 0500AEC2287936F000FF5809 /* SelectedSegmentTagKey.swift */; };
		050852342877BC9700062AB5 /* StoryViewerView.swift in Sources */ = {isa = PBXBuildFile; fileRef = 050852332877BC9700062AB5 /* StoryViewerView.swift */; };
		0509F1A9287FA1B3002BE298 /* Enums.swift in Sources */ = {isa = PBXBuildFile; fileRef = 0509F1A8287FA1B3002BE298 /* Enums.swift */; };
		051414D3288B903100484823 /* CommonResponse.swift in Sources */ = {isa = PBXBuildFile; fileRef = 051414D2288B903100484823 /* CommonResponse.swift */; };
		051C104E286EA7E9005D2D14 /* TMDB_SwiftUIApp.swift in Sources */ = {isa = PBXBuildFile; fileRef = 051C104D286EA7E9005D2D14 /* TMDB_SwiftUIApp.swift */; };
		051C1052286EA7EB005D2D14 /* Assets.xcassets in Resources */ = {isa = PBXBuildFile; fileRef = 051C1051286EA7EB005D2D14 /* Assets.xcassets */; };
		051C1055286EA7EB005D2D14 /* Preview Assets.xcassets in Resources */ = {isa = PBXBuildFile; fileRef = 051C1054286EA7EB005D2D14 /* Preview Assets.xcassets */; };
		051C105F286EA7EB005D2D14 /* TMDB_SwiftUITests.swift in Sources */ = {isa = PBXBuildFile; fileRef = 051C105E286EA7EB005D2D14 /* TMDB_SwiftUITests.swift */; };
		051C1069286EA7EB005D2D14 /* TMDB_SwiftUIUITests.swift in Sources */ = {isa = PBXBuildFile; fileRef = 051C1068286EA7EB005D2D14 /* TMDB_SwiftUIUITests.swift */; };
		051C106B286EA7EB005D2D14 /* TMDB_SwiftUIUITestsLaunchTests.swift in Sources */ = {isa = PBXBuildFile; fileRef = 051C106A286EA7EB005D2D14 /* TMDB_SwiftUIUITestsLaunchTests.swift */; };
		051C107A286EA82B005D2D14 /* CircularProgressView.swift in Sources */ = {isa = PBXBuildFile; fileRef = 051C1079286EA82B005D2D14 /* CircularProgressView.swift */; };
		0528EB732870FB7D0069A403 /* ContentView.swift in Sources */ = {isa = PBXBuildFile; fileRef = 0528EB722870FB7D0069A403 /* ContentView.swift */; };
		05478D18287102440030CE39 /* SegmentedView.swift in Sources */ = {isa = PBXBuildFile; fileRef = 05478D17287102440030CE39 /* SegmentedView.swift */; };
		05478D1A28713C610030CE39 /* MovieCardView.swift in Sources */ = {isa = PBXBuildFile; fileRef = 05478D1928713C610030CE39 /* MovieCardView.swift */; };
		055D709B2883888C00750165 /* MovieDetailModel.swift in Sources */ = {isa = PBXBuildFile; fileRef = 055D709A2883888C00750165 /* MovieDetailModel.swift */; };
		058A1F7828849FC700722A19 /* ResponseModel.swift in Sources */ = {isa = PBXBuildFile; fileRef = 058A1F7728849FC700722A19 /* ResponseModel.swift */; };
		059A8390288A28F400BCD9A7 /* GuestSessionResponse.swift in Sources */ = {isa = PBXBuildFile; fileRef = 059A838F288A28F400BCD9A7 /* GuestSessionResponse.swift */; };
		05B3AD7D28D4035F00536B42 /* CardView.swift in Sources */ = {isa = PBXBuildFile; fileRef = 05B3AD7C28D4035F00536B42 /* CardView.swift */; };
		05BA42AB288D077B005D9FF9 /* LoginView.swift in Sources */ = {isa = PBXBuildFile; fileRef = 05BA42AA288D077B005D9FF9 /* LoginView.swift */; };
		05CD96C128CD947900E4D1CF /* HomeView.swift in Sources */ = {isa = PBXBuildFile; fileRef = 05CD96C028CD947900E4D1CF /* HomeView.swift */; };
		05CE6DD928CC320C00BCD331 /* StartMenuView.swift in Sources */ = {isa = PBXBuildFile; fileRef = 05CE6DD828CC320C00BCD331 /* StartMenuView.swift */; };
		05E78254287E444A00286059 /* TrendingModel.swift in Sources */ = {isa = PBXBuildFile; fileRef = 05E78253287E444A00286059 /* TrendingModel.swift */; };
		05E9AC98287661DD00D28E20 /* ActorCardView.swift in Sources */ = {isa = PBXBuildFile; fileRef = 05E9AC97287661DD00D28E20 /* ActorCardView.swift */; };
		05E9EA2D287CF79600C8A384 /* Network.swift in Sources */ = {isa = PBXBuildFile; fileRef = 05E9EA2C287CF79600C8A384 /* Network.swift */; };
		05E9EA2F287CF85400C8A384 /* URL+Extension.swift in Sources */ = {isa = PBXBuildFile; fileRef = 05E9EA2E287CF85400C8A384 /* URL+Extension.swift */; };
		05E9EA31287D1E3400C8A384 /* GenreModel.swift in Sources */ = {isa = PBXBuildFile; fileRef = 05E9EA30287D1E3400C8A384 /* GenreModel.swift */; };
		05EB271E28C80CC5007015D9 /* SessionManagement.swift in Sources */ = {isa = PBXBuildFile; fileRef = 05EB271D28C80CC5007015D9 /* SessionManagement.swift */; };
		05ECE2EB2880E44000EC2EE3 /* MovieModel.swift in Sources */ = {isa = PBXBuildFile; fileRef = 05ECE2EA2880E44000EC2EE3 /* MovieModel.swift */; };
		05F1AF6B28863B8A00AB8A2D /* SessionModel.swift in Sources */ = {isa = PBXBuildFile; fileRef = 05F1AF6A28863B8A00AB8A2D /* SessionModel.swift */; };
		05F555922890C1BD00B68D2A /* RoundedTextFieldStyle.swift in Sources */ = {isa = PBXBuildFile; fileRef = 05F555912890C1BD00B68D2A /* RoundedTextFieldStyle.swift */; };
		05F555942890C1F300B68D2A /* RoundedButtonStyle.swift in Sources */ = {isa = PBXBuildFile; fileRef = 05F555932890C1F300B68D2A /* RoundedButtonStyle.swift */; };
		05F78BD928CEA6040011C3CB /* MovieViewModel.swift in Sources */ = {isa = PBXBuildFile; fileRef = 05F78BD828CEA6040011C3CB /* MovieViewModel.swift */; };
		05F79D9628824FD700DAFD87 /* ImageModel.swift in Sources */ = {isa = PBXBuildFile; fileRef = 05F79D9528824FD700DAFD87 /* ImageModel.swift */; };
		05F7F6AF2888E025005076B0 /* SessionLoggedModel.swift in Sources */ = {isa = PBXBuildFile; fileRef = 05F7F6AE2888E025005076B0 /* SessionLoggedModel.swift */; };
		05F7F6B12888EC37005076B0 /* TokenModel.swift in Sources */ = {isa = PBXBuildFile; fileRef = 05F7F6B02888EC37005076B0 /* TokenModel.swift */; };
		C84344B92896397900213E21 /* AuthenticationViewModel.swift in Sources */ = {isa = PBXBuildFile; fileRef = C84344B82896397900213E21 /* AuthenticationViewModel.swift */; };
		C8C8D6D428939FD900060B9D /* LinkButtonStyle.swift in Sources */ = {isa = PBXBuildFile; fileRef = C8C8D6D328939FD900060B9D /* LinkButtonStyle.swift */; };
/* End PBXBuildFile section */

/* Begin PBXContainerItemProxy section */
		051C105B286EA7EB005D2D14 /* PBXContainerItemProxy */ = {
			isa = PBXContainerItemProxy;
			containerPortal = 051C1042286EA7E9005D2D14 /* Project object */;
			proxyType = 1;
			remoteGlobalIDString = 051C1049286EA7E9005D2D14;
			remoteInfo = "TMDB-SwiftUI";
		};
		051C1065286EA7EB005D2D14 /* PBXContainerItemProxy */ = {
			isa = PBXContainerItemProxy;
			containerPortal = 051C1042286EA7E9005D2D14 /* Project object */;
			proxyType = 1;
			remoteGlobalIDString = 051C1049286EA7E9005D2D14;
			remoteInfo = "TMDB-SwiftUI";
		};
/* End PBXContainerItemProxy section */

/* Begin PBXFileReference section */
		0500AEBD2879367100FF5809 /* View+Extensions.swift */ = {isa = PBXFileReference; lastKnownFileType = sourcecode.swift; path = "View+Extensions.swift"; sourceTree = "<group>"; };
		0500AEC0287936C500FF5809 /* SegmentedControlNamespaceKey.swift */ = {isa = PBXFileReference; lastKnownFileType = sourcecode.swift; path = SegmentedControlNamespaceKey.swift; sourceTree = "<group>"; };
		0500AEC2287936F000FF5809 /* SelectedSegmentTagKey.swift */ = {isa = PBXFileReference; lastKnownFileType = sourcecode.swift; path = SelectedSegmentTagKey.swift; sourceTree = "<group>"; };
		050852332877BC9700062AB5 /* StoryViewerView.swift */ = {isa = PBXFileReference; lastKnownFileType = sourcecode.swift; path = StoryViewerView.swift; sourceTree = "<group>"; };
		0509F1A8287FA1B3002BE298 /* Enums.swift */ = {isa = PBXFileReference; lastKnownFileType = sourcecode.swift; path = Enums.swift; sourceTree = "<group>"; };
		051414D2288B903100484823 /* CommonResponse.swift */ = {isa = PBXFileReference; lastKnownFileType = sourcecode.swift; path = CommonResponse.swift; sourceTree = "<group>"; };
		051C104A286EA7E9005D2D14 /* TMDB-SwiftUI.app */ = {isa = PBXFileReference; explicitFileType = wrapper.application; includeInIndex = 0; path = "TMDB-SwiftUI.app"; sourceTree = BUILT_PRODUCTS_DIR; };
		051C104D286EA7E9005D2D14 /* TMDB_SwiftUIApp.swift */ = {isa = PBXFileReference; lastKnownFileType = sourcecode.swift; path = TMDB_SwiftUIApp.swift; sourceTree = "<group>"; };
		051C1051286EA7EB005D2D14 /* Assets.xcassets */ = {isa = PBXFileReference; lastKnownFileType = folder.assetcatalog; path = Assets.xcassets; sourceTree = "<group>"; };
		051C1054286EA7EB005D2D14 /* Preview Assets.xcassets */ = {isa = PBXFileReference; lastKnownFileType = folder.assetcatalog; path = "Preview Assets.xcassets"; sourceTree = "<group>"; };
		051C105A286EA7EB005D2D14 /* TMDB-SwiftUITests.xctest */ = {isa = PBXFileReference; explicitFileType = wrapper.cfbundle; includeInIndex = 0; path = "TMDB-SwiftUITests.xctest"; sourceTree = BUILT_PRODUCTS_DIR; };
		051C105E286EA7EB005D2D14 /* TMDB_SwiftUITests.swift */ = {isa = PBXFileReference; lastKnownFileType = sourcecode.swift; path = TMDB_SwiftUITests.swift; sourceTree = "<group>"; };
		051C1064286EA7EB005D2D14 /* TMDB-SwiftUIUITests.xctest */ = {isa = PBXFileReference; explicitFileType = wrapper.cfbundle; includeInIndex = 0; path = "TMDB-SwiftUIUITests.xctest"; sourceTree = BUILT_PRODUCTS_DIR; };
		051C1068286EA7EB005D2D14 /* TMDB_SwiftUIUITests.swift */ = {isa = PBXFileReference; lastKnownFileType = sourcecode.swift; path = TMDB_SwiftUIUITests.swift; sourceTree = "<group>"; };
		051C106A286EA7EB005D2D14 /* TMDB_SwiftUIUITestsLaunchTests.swift */ = {isa = PBXFileReference; lastKnownFileType = sourcecode.swift; path = TMDB_SwiftUIUITestsLaunchTests.swift; sourceTree = "<group>"; };
		051C1079286EA82B005D2D14 /* CircularProgressView.swift */ = {isa = PBXFileReference; lastKnownFileType = sourcecode.swift; path = CircularProgressView.swift; sourceTree = "<group>"; };
		0528EB722870FB7D0069A403 /* ContentView.swift */ = {isa = PBXFileReference; lastKnownFileType = sourcecode.swift; path = ContentView.swift; sourceTree = "<group>"; };
		05478D17287102440030CE39 /* SegmentedView.swift */ = {isa = PBXFileReference; fileEncoding = 4; lastKnownFileType = sourcecode.swift; path = SegmentedView.swift; sourceTree = "<group>"; };
		05478D1928713C610030CE39 /* MovieCardView.swift */ = {isa = PBXFileReference; lastKnownFileType = sourcecode.swift; path = MovieCardView.swift; sourceTree = "<group>"; };
		055D709A2883888C00750165 /* MovieDetailModel.swift */ = {isa = PBXFileReference; lastKnownFileType = sourcecode.swift; path = MovieDetailModel.swift; sourceTree = "<group>"; };
		058A1F7728849FC700722A19 /* ResponseModel.swift */ = {isa = PBXFileReference; lastKnownFileType = sourcecode.swift; path = ResponseModel.swift; sourceTree = "<group>"; };
		059A838F288A28F400BCD9A7 /* GuestSessionResponse.swift */ = {isa = PBXFileReference; lastKnownFileType = sourcecode.swift; path = GuestSessionResponse.swift; sourceTree = "<group>"; };
		05B3AD7C28D4035F00536B42 /* CardView.swift */ = {isa = PBXFileReference; lastKnownFileType = sourcecode.swift; path = CardView.swift; sourceTree = "<group>"; };
		05BA42AA288D077B005D9FF9 /* LoginView.swift */ = {isa = PBXFileReference; lastKnownFileType = sourcecode.swift; path = LoginView.swift; sourceTree = "<group>"; };
		05CD96C028CD947900E4D1CF /* HomeView.swift */ = {isa = PBXFileReference; lastKnownFileType = sourcecode.swift; path = HomeView.swift; sourceTree = "<group>"; };
		05CE6DD828CC320C00BCD331 /* StartMenuView.swift */ = {isa = PBXFileReference; lastKnownFileType = sourcecode.swift; path = StartMenuView.swift; sourceTree = "<group>"; };
		05E78253287E444A00286059 /* TrendingModel.swift */ = {isa = PBXFileReference; lastKnownFileType = sourcecode.swift; path = TrendingModel.swift; sourceTree = "<group>"; };
		05E9AC97287661DD00D28E20 /* ActorCardView.swift */ = {isa = PBXFileReference; lastKnownFileType = sourcecode.swift; path = ActorCardView.swift; sourceTree = "<group>"; };
		05E9EA2C287CF79600C8A384 /* Network.swift */ = {isa = PBXFileReference; lastKnownFileType = sourcecode.swift; path = Network.swift; sourceTree = "<group>"; };
		05E9EA2E287CF85400C8A384 /* URL+Extension.swift */ = {isa = PBXFileReference; lastKnownFileType = sourcecode.swift; path = "URL+Extension.swift"; sourceTree = "<group>"; };
		05E9EA30287D1E3400C8A384 /* GenreModel.swift */ = {isa = PBXFileReference; lastKnownFileType = sourcecode.swift; path = GenreModel.swift; sourceTree = "<group>"; };
		05EB271D28C80CC5007015D9 /* SessionManagement.swift */ = {isa = PBXFileReference; lastKnownFileType = sourcecode.swift; path = SessionManagement.swift; sourceTree = "<group>"; };
		05ECE2EA2880E44000EC2EE3 /* MovieModel.swift */ = {isa = PBXFileReference; lastKnownFileType = sourcecode.swift; path = MovieModel.swift; sourceTree = "<group>"; };
		05F1AF6A28863B8A00AB8A2D /* SessionModel.swift */ = {isa = PBXFileReference; lastKnownFileType = sourcecode.swift; path = SessionModel.swift; sourceTree = "<group>"; };
		05F555912890C1BD00B68D2A /* RoundedTextFieldStyle.swift */ = {isa = PBXFileReference; lastKnownFileType = sourcecode.swift; path = RoundedTextFieldStyle.swift; sourceTree = "<group>"; };
		05F555932890C1F300B68D2A /* RoundedButtonStyle.swift */ = {isa = PBXFileReference; lastKnownFileType = sourcecode.swift; path = RoundedButtonStyle.swift; sourceTree = "<group>"; };
		05F78BD828CEA6040011C3CB /* MovieViewModel.swift */ = {isa = PBXFileReference; lastKnownFileType = sourcecode.swift; path = MovieViewModel.swift; sourceTree = "<group>"; };
		05F79D9528824FD700DAFD87 /* ImageModel.swift */ = {isa = PBXFileReference; lastKnownFileType = sourcecode.swift; path = ImageModel.swift; sourceTree = "<group>"; };
		05F7F6AE2888E025005076B0 /* SessionLoggedModel.swift */ = {isa = PBXFileReference; lastKnownFileType = sourcecode.swift; path = SessionLoggedModel.swift; sourceTree = "<group>"; };
		05F7F6B02888EC37005076B0 /* TokenModel.swift */ = {isa = PBXFileReference; lastKnownFileType = sourcecode.swift; path = TokenModel.swift; sourceTree = "<group>"; };
		C84344B82896397900213E21 /* AuthenticationViewModel.swift */ = {isa = PBXFileReference; lastKnownFileType = sourcecode.swift; path = AuthenticationViewModel.swift; sourceTree = "<group>"; };
		C8C8D6D328939FD900060B9D /* LinkButtonStyle.swift */ = {isa = PBXFileReference; lastKnownFileType = sourcecode.swift; path = LinkButtonStyle.swift; sourceTree = "<group>"; };
/* End PBXFileReference section */

/* Begin PBXFrameworksBuildPhase section */
		051C1047286EA7E9005D2D14 /* Frameworks */ = {
			isa = PBXFrameworksBuildPhase;
			buildActionMask = 2147483647;
			files = (
			);
			runOnlyForDeploymentPostprocessing = 0;
		};
		051C1057286EA7EB005D2D14 /* Frameworks */ = {
			isa = PBXFrameworksBuildPhase;
			buildActionMask = 2147483647;
			files = (
			);
			runOnlyForDeploymentPostprocessing = 0;
		};
		051C1061286EA7EB005D2D14 /* Frameworks */ = {
			isa = PBXFrameworksBuildPhase;
			buildActionMask = 2147483647;
			files = (
			);
			runOnlyForDeploymentPostprocessing = 0;
		};
/* End PBXFrameworksBuildPhase section */

/* Begin PBXGroup section */
		0500AEBC2879365400FF5809 /* Extension */ = {
			isa = PBXGroup;
			children = (
				0500AEBD2879367100FF5809 /* View+Extensions.swift */,
				05E9EA2E287CF85400C8A384 /* URL+Extension.swift */,
			);
			path = Extension;
			sourceTree = "<group>";
		};
		0500AEBF287936A800FF5809 /* Shared */ = {
			isa = PBXGroup;
			children = (
				0500AEC0287936C500FF5809 /* SegmentedControlNamespaceKey.swift */,
				0500AEC2287936F000FF5809 /* SelectedSegmentTagKey.swift */,
				05F555912890C1BD00B68D2A /* RoundedTextFieldStyle.swift */,
				05F555932890C1F300B68D2A /* RoundedButtonStyle.swift */,
				C8C8D6D328939FD900060B9D /* LinkButtonStyle.swift */,
				05EB271D28C80CC5007015D9 /* SessionManagement.swift */,
			);
			path = Shared;
			sourceTree = "<group>";
		};
		051C1041286EA7E9005D2D14 = {
			isa = PBXGroup;
			children = (
				051C104C286EA7E9005D2D14 /* TMDB-SwiftUI */,
				051C105D286EA7EB005D2D14 /* TMDB-SwiftUITests */,
				051C1067286EA7EB005D2D14 /* TMDB-SwiftUIUITests */,
				051C104B286EA7E9005D2D14 /* Products */,
				0528EB712870FB210069A403 /* Recovered References */,
			);
			sourceTree = "<group>";
		};
		051C104B286EA7E9005D2D14 /* Products */ = {
			isa = PBXGroup;
			children = (
				051C104A286EA7E9005D2D14 /* TMDB-SwiftUI.app */,
				051C105A286EA7EB005D2D14 /* TMDB-SwiftUITests.xctest */,
				051C1064286EA7EB005D2D14 /* TMDB-SwiftUIUITests.xctest */,
			);
			name = Products;
			sourceTree = "<group>";
		};
		051C104C286EA7E9005D2D14 /* TMDB-SwiftUI */ = {
			isa = PBXGroup;
			children = (
				05E9EA32287D1E3A00C8A384 /* Model */,
				05E9EA2B287CF78900C8A384 /* Network */,
				0500AEBF287936A800FF5809 /* Shared */,
				0500AEBC2879365400FF5809 /* Extension */,
				051C1077286EA815005D2D14 /* Views */,
				C84344B72896395100213E21 /* ViewModel */,
				051C104D286EA7E9005D2D14 /* TMDB_SwiftUIApp.swift */,
				051C1051286EA7EB005D2D14 /* Assets.xcassets */,
				051C1053286EA7EB005D2D14 /* Preview Content */,
			);
			path = "TMDB-SwiftUI";
			sourceTree = "<group>";
		};
		051C1053286EA7EB005D2D14 /* Preview Content */ = {
			isa = PBXGroup;
			children = (
				051C1054286EA7EB005D2D14 /* Preview Assets.xcassets */,
			);
			path = "Preview Content";
			sourceTree = "<group>";
		};
		051C105D286EA7EB005D2D14 /* TMDB-SwiftUITests */ = {
			isa = PBXGroup;
			children = (
				051C105E286EA7EB005D2D14 /* TMDB_SwiftUITests.swift */,
			);
			path = "TMDB-SwiftUITests";
			sourceTree = "<group>";
		};
		051C1067286EA7EB005D2D14 /* TMDB-SwiftUIUITests */ = {
			isa = PBXGroup;
			children = (
				051C1068286EA7EB005D2D14 /* TMDB_SwiftUIUITests.swift */,
				051C106A286EA7EB005D2D14 /* TMDB_SwiftUIUITestsLaunchTests.swift */,
			);
			path = "TMDB-SwiftUIUITests";
			sourceTree = "<group>";
		};
		051C1077286EA815005D2D14 /* Views */ = {
			isa = PBXGroup;
			children = (
				05B3AD7B28D4034D00536B42 /* Shared */,
				05CE6DD728CC31FE00BCD331 /* Menu */,
				05BA42A9288D076B005D9FF9 /* Authentication */,
				05478D17287102440030CE39 /* SegmentedView.swift */,
				051C1079286EA82B005D2D14 /* CircularProgressView.swift */,
				0528EB722870FB7D0069A403 /* ContentView.swift */,
				050852332877BC9700062AB5 /* StoryViewerView.swift */,
				05478D1928713C610030CE39 /* MovieCardView.swift */,
				05E9AC97287661DD00D28E20 /* ActorCardView.swift */,
			);
			path = Views;
			sourceTree = "<group>";
		};
		0528EB712870FB210069A403 /* Recovered References */ = {
			isa = PBXGroup;
			children = (
			);
			name = "Recovered References";
			sourceTree = "<group>";
		};
		05B3AD7B28D4034D00536B42 /* Shared */ = {
			isa = PBXGroup;
			children = (
				05B3AD7C28D4035F00536B42 /* CardView.swift */,
			);
			path = Shared;
			sourceTree = "<group>";
		};
		05BA42A9288D076B005D9FF9 /* Authentication */ = {
			isa = PBXGroup;
			children = (
				05BA42AA288D077B005D9FF9 /* LoginView.swift */,
			);
			path = Authentication;
			sourceTree = "<group>";
		};
		05CE6DD728CC31FE00BCD331 /* Menu */ = {
			isa = PBXGroup;
			children = (
				05CE6DD828CC320C00BCD331 /* StartMenuView.swift */,
				05CD96C028CD947900E4D1CF /* HomeView.swift */,
			);
			path = Menu;
			sourceTree = "<group>";
		};
		05E9EA2B287CF78900C8A384 /* Network */ = {
			isa = PBXGroup;
			children = (
				05E9EA2C287CF79600C8A384 /* Network.swift */,
			);
			path = Network;
			sourceTree = "<group>";
		};
		05E9EA32287D1E3A00C8A384 /* Model */ = {
			isa = PBXGroup;
			children = (
				05E9EA30287D1E3400C8A384 /* GenreModel.swift */,
				05E78253287E444A00286059 /* TrendingModel.swift */,
				0509F1A8287FA1B3002BE298 /* Enums.swift */,
				05ECE2EA2880E44000EC2EE3 /* MovieModel.swift */,
				05F79D9528824FD700DAFD87 /* ImageModel.swift */,
				055D709A2883888C00750165 /* MovieDetailModel.swift */,
				058A1F7728849FC700722A19 /* ResponseModel.swift */,
				05F1AF6A28863B8A00AB8A2D /* SessionModel.swift */,
				05F7F6B02888EC37005076B0 /* TokenModel.swift */,
				05F7F6AE2888E025005076B0 /* SessionLoggedModel.swift */,
				059A838F288A28F400BCD9A7 /* GuestSessionResponse.swift */,
				051414D2288B903100484823 /* CommonResponse.swift */,
			);
			path = Model;
			sourceTree = "<group>";
		};
		C84344B72896395100213E21 /* ViewModel */ = {
			isa = PBXGroup;
			children = (
				C84344B82896397900213E21 /* AuthenticationViewModel.swift */,
				05F78BD828CEA6040011C3CB /* MovieViewModel.swift */,
			);
			path = ViewModel;
			sourceTree = "<group>";
		};
/* End PBXGroup section */

/* Begin PBXNativeTarget section */
		051C1049286EA7E9005D2D14 /* TMDB-SwiftUI */ = {
			isa = PBXNativeTarget;
			buildConfigurationList = 051C106E286EA7EB005D2D14 /* Build configuration list for PBXNativeTarget "TMDB-SwiftUI" */;
			buildPhases = (
				051C1046286EA7E9005D2D14 /* Sources */,
				051C1047286EA7E9005D2D14 /* Frameworks */,
				051C1048286EA7E9005D2D14 /* Resources */,
			);
			buildRules = (
			);
			dependencies = (
			);
			name = "TMDB-SwiftUI";
			productName = "TMDB-SwiftUI";
			productReference = 051C104A286EA7E9005D2D14 /* TMDB-SwiftUI.app */;
			productType = "com.apple.product-type.application";
		};
		051C1059286EA7EB005D2D14 /* TMDB-SwiftUITests */ = {
			isa = PBXNativeTarget;
			buildConfigurationList = 051C1071286EA7EB005D2D14 /* Build configuration list for PBXNativeTarget "TMDB-SwiftUITests" */;
			buildPhases = (
				051C1056286EA7EB005D2D14 /* Sources */,
				051C1057286EA7EB005D2D14 /* Frameworks */,
				051C1058286EA7EB005D2D14 /* Resources */,
			);
			buildRules = (
			);
			dependencies = (
				051C105C286EA7EB005D2D14 /* PBXTargetDependency */,
			);
			name = "TMDB-SwiftUITests";
			productName = "TMDB-SwiftUITests";
			productReference = 051C105A286EA7EB005D2D14 /* TMDB-SwiftUITests.xctest */;
			productType = "com.apple.product-type.bundle.unit-test";
		};
		051C1063286EA7EB005D2D14 /* TMDB-SwiftUIUITests */ = {
			isa = PBXNativeTarget;
			buildConfigurationList = 051C1074286EA7EB005D2D14 /* Build configuration list for PBXNativeTarget "TMDB-SwiftUIUITests" */;
			buildPhases = (
				051C1060286EA7EB005D2D14 /* Sources */,
				051C1061286EA7EB005D2D14 /* Frameworks */,
				051C1062286EA7EB005D2D14 /* Resources */,
			);
			buildRules = (
			);
			dependencies = (
				051C1066286EA7EB005D2D14 /* PBXTargetDependency */,
			);
			name = "TMDB-SwiftUIUITests";
			productName = "TMDB-SwiftUIUITests";
			productReference = 051C1064286EA7EB005D2D14 /* TMDB-SwiftUIUITests.xctest */;
			productType = "com.apple.product-type.bundle.ui-testing";
		};
/* End PBXNativeTarget section */

/* Begin PBXProject section */
		051C1042286EA7E9005D2D14 /* Project object */ = {
			isa = PBXProject;
			attributes = {
				BuildIndependentTargetsInParallel = 1;
				LastSwiftUpdateCheck = 1330;
				LastUpgradeCheck = 1330;
				TargetAttributes = {
					051C1049286EA7E9005D2D14 = {
						CreatedOnToolsVersion = 13.3.1;
					};
					051C1059286EA7EB005D2D14 = {
						CreatedOnToolsVersion = 13.3.1;
						TestTargetID = 051C1049286EA7E9005D2D14;
					};
					051C1063286EA7EB005D2D14 = {
						CreatedOnToolsVersion = 13.3.1;
						TestTargetID = 051C1049286EA7E9005D2D14;
					};
				};
			};
			buildConfigurationList = 051C1045286EA7E9005D2D14 /* Build configuration list for PBXProject "TMDB-SwiftUI" */;
			compatibilityVersion = "Xcode 13.0";
			developmentRegion = en;
			hasScannedForEncodings = 0;
			knownRegions = (
				en,
				Base,
			);
			mainGroup = 051C1041286EA7E9005D2D14;
			productRefGroup = 051C104B286EA7E9005D2D14 /* Products */;
			projectDirPath = "";
			projectRoot = "";
			targets = (
				051C1049286EA7E9005D2D14 /* TMDB-SwiftUI */,
				051C1059286EA7EB005D2D14 /* TMDB-SwiftUITests */,
				051C1063286EA7EB005D2D14 /* TMDB-SwiftUIUITests */,
			);
		};
/* End PBXProject section */

/* Begin PBXResourcesBuildPhase section */
		051C1048286EA7E9005D2D14 /* Resources */ = {
			isa = PBXResourcesBuildPhase;
			buildActionMask = 2147483647;
			files = (
				051C1055286EA7EB005D2D14 /* Preview Assets.xcassets in Resources */,
				051C1052286EA7EB005D2D14 /* Assets.xcassets in Resources */,
			);
			runOnlyForDeploymentPostprocessing = 0;
		};
		051C1058286EA7EB005D2D14 /* Resources */ = {
			isa = PBXResourcesBuildPhase;
			buildActionMask = 2147483647;
			files = (
			);
			runOnlyForDeploymentPostprocessing = 0;
		};
		051C1062286EA7EB005D2D14 /* Resources */ = {
			isa = PBXResourcesBuildPhase;
			buildActionMask = 2147483647;
			files = (
			);
			runOnlyForDeploymentPostprocessing = 0;
		};
/* End PBXResourcesBuildPhase section */

/* Begin PBXSourcesBuildPhase section */
		051C1046286EA7E9005D2D14 /* Sources */ = {
			isa = PBXSourcesBuildPhase;
			buildActionMask = 2147483647;
			files = (
				05E9AC98287661DD00D28E20 /* ActorCardView.swift in Sources */,
				05F7F6B12888EC37005076B0 /* TokenModel.swift in Sources */,
				C84344B92896397900213E21 /* AuthenticationViewModel.swift in Sources */,
				051C107A286EA82B005D2D14 /* CircularProgressView.swift in Sources */,
				051414D3288B903100484823 /* CommonResponse.swift in Sources */,
				05E9EA31287D1E3400C8A384 /* GenreModel.swift in Sources */,
				0500AEBE2879367100FF5809 /* View+Extensions.swift in Sources */,
				059A8390288A28F400BCD9A7 /* GuestSessionResponse.swift in Sources */,
				05E78254287E444A00286059 /* TrendingModel.swift in Sources */,
				05F7F6AF2888E025005076B0 /* SessionLoggedModel.swift in Sources */,
				055D709B2883888C00750165 /* MovieDetailModel.swift in Sources */,
				05E9EA2D287CF79600C8A384 /* Network.swift in Sources */,
				05CE6DD928CC320C00BCD331 /* StartMenuView.swift in Sources */,
				05478D18287102440030CE39 /* SegmentedView.swift in Sources */,
				05B3AD7D28D4035F00536B42 /* CardView.swift in Sources */,
				05ECE2EB2880E44000EC2EE3 /* MovieModel.swift in Sources */,
				05F78BD928CEA6040011C3CB /* MovieViewModel.swift in Sources */,
				05F555922890C1BD00B68D2A /* RoundedTextFieldStyle.swift in Sources */,
				05478D18287102440030CE39 /* SegmentedView.swift in Sources */,
				C8C8D6D428939FD900060B9D /* LinkButtonStyle.swift in Sources */,
				051C104E286EA7E9005D2D14 /* TMDB_SwiftUIApp.swift in Sources */,
				050852342877BC9700062AB5 /* StoryViewerView.swift in Sources */,
				05EB271E28C80CC5007015D9 /* SessionManagement.swift in Sources */,
				05E9EA2F287CF85400C8A384 /* URL+Extension.swift in Sources */,
				0500AEC1287936C500FF5809 /* SegmentedControlNamespaceKey.swift in Sources */,
				0528EB732870FB7D0069A403 /* ContentView.swift in Sources */,
				05478D1A28713C610030CE39 /* MovieCardView.swift in Sources */,
				0509F1A9287FA1B3002BE298 /* Enums.swift in Sources */,
				05F555942890C1F300B68D2A /* RoundedButtonStyle.swift in Sources */,
				05CD96C128CD947900E4D1CF /* HomeView.swift in Sources */,
				05BA42AB288D077B005D9FF9 /* LoginView.swift in Sources */,
				0500AEC3287936F000FF5809 /* SelectedSegmentTagKey.swift in Sources */,
				058A1F7828849FC700722A19 /* ResponseModel.swift in Sources */,
				05F1AF6B28863B8A00AB8A2D /* SessionModel.swift in Sources */,
				05F79D9628824FD700DAFD87 /* ImageModel.swift in Sources */,
			);
			runOnlyForDeploymentPostprocessing = 0;
		};
		051C1056286EA7EB005D2D14 /* Sources */ = {
			isa = PBXSourcesBuildPhase;
			buildActionMask = 2147483647;
			files = (
				051C105F286EA7EB005D2D14 /* TMDB_SwiftUITests.swift in Sources */,
			);
			runOnlyForDeploymentPostprocessing = 0;
		};
		051C1060286EA7EB005D2D14 /* Sources */ = {
			isa = PBXSourcesBuildPhase;
			buildActionMask = 2147483647;
			files = (
				051C1069286EA7EB005D2D14 /* TMDB_SwiftUIUITests.swift in Sources */,
				051C106B286EA7EB005D2D14 /* TMDB_SwiftUIUITestsLaunchTests.swift in Sources */,
			);
			runOnlyForDeploymentPostprocessing = 0;
		};
/* End PBXSourcesBuildPhase section */

/* Begin PBXTargetDependency section */
		051C105C286EA7EB005D2D14 /* PBXTargetDependency */ = {
			isa = PBXTargetDependency;
			target = 051C1049286EA7E9005D2D14 /* TMDB-SwiftUI */;
			targetProxy = 051C105B286EA7EB005D2D14 /* PBXContainerItemProxy */;
		};
		051C1066286EA7EB005D2D14 /* PBXTargetDependency */ = {
			isa = PBXTargetDependency;
			target = 051C1049286EA7E9005D2D14 /* TMDB-SwiftUI */;
			targetProxy = 051C1065286EA7EB005D2D14 /* PBXContainerItemProxy */;
		};
/* End PBXTargetDependency section */

/* Begin XCBuildConfiguration section */
		051C106C286EA7EB005D2D14 /* Debug */ = {
			isa = XCBuildConfiguration;
			buildSettings = {
				ALWAYS_SEARCH_USER_PATHS = NO;
				CLANG_ANALYZER_NONNULL = YES;
				CLANG_ANALYZER_NUMBER_OBJECT_CONVERSION = YES_AGGRESSIVE;
				CLANG_CXX_LANGUAGE_STANDARD = "gnu++17";
				CLANG_ENABLE_MODULES = YES;
				CLANG_ENABLE_OBJC_ARC = YES;
				CLANG_ENABLE_OBJC_WEAK = YES;
				CLANG_WARN_BLOCK_CAPTURE_AUTORELEASING = YES;
				CLANG_WARN_BOOL_CONVERSION = YES;
				CLANG_WARN_COMMA = YES;
				CLANG_WARN_CONSTANT_CONVERSION = YES;
				CLANG_WARN_DEPRECATED_OBJC_IMPLEMENTATIONS = YES;
				CLANG_WARN_DIRECT_OBJC_ISA_USAGE = YES_ERROR;
				CLANG_WARN_DOCUMENTATION_COMMENTS = YES;
				CLANG_WARN_EMPTY_BODY = YES;
				CLANG_WARN_ENUM_CONVERSION = YES;
				CLANG_WARN_INFINITE_RECURSION = YES;
				CLANG_WARN_INT_CONVERSION = YES;
				CLANG_WARN_NON_LITERAL_NULL_CONVERSION = YES;
				CLANG_WARN_OBJC_IMPLICIT_RETAIN_SELF = YES;
				CLANG_WARN_OBJC_LITERAL_CONVERSION = YES;
				CLANG_WARN_OBJC_ROOT_CLASS = YES_ERROR;
				CLANG_WARN_QUOTED_INCLUDE_IN_FRAMEWORK_HEADER = YES;
				CLANG_WARN_RANGE_LOOP_ANALYSIS = YES;
				CLANG_WARN_STRICT_PROTOTYPES = YES;
				CLANG_WARN_SUSPICIOUS_MOVE = YES;
				CLANG_WARN_UNGUARDED_AVAILABILITY = YES_AGGRESSIVE;
				CLANG_WARN_UNREACHABLE_CODE = YES;
				CLANG_WARN__DUPLICATE_METHOD_MATCH = YES;
				COPY_PHASE_STRIP = NO;
				DEBUG_INFORMATION_FORMAT = dwarf;
				ENABLE_STRICT_OBJC_MSGSEND = YES;
				ENABLE_TESTABILITY = YES;
				GCC_C_LANGUAGE_STANDARD = gnu11;
				GCC_DYNAMIC_NO_PIC = NO;
				GCC_NO_COMMON_BLOCKS = YES;
				GCC_OPTIMIZATION_LEVEL = 0;
				GCC_PREPROCESSOR_DEFINITIONS = (
					"DEBUG=1",
					"$(inherited)",
				);
				GCC_WARN_64_TO_32_BIT_CONVERSION = YES;
				GCC_WARN_ABOUT_RETURN_TYPE = YES_ERROR;
				GCC_WARN_UNDECLARED_SELECTOR = YES;
				GCC_WARN_UNINITIALIZED_AUTOS = YES_AGGRESSIVE;
				GCC_WARN_UNUSED_FUNCTION = YES;
				GCC_WARN_UNUSED_VARIABLE = YES;
				IPHONEOS_DEPLOYMENT_TARGET = 15.0;
				MTL_ENABLE_DEBUG_INFO = INCLUDE_SOURCE;
				MTL_FAST_MATH = YES;
				ONLY_ACTIVE_ARCH = YES;
				SDKROOT = iphoneos;
				SWIFT_ACTIVE_COMPILATION_CONDITIONS = DEBUG;
				SWIFT_OPTIMIZATION_LEVEL = "-Onone";
			};
			name = Debug;
		};
		051C106D286EA7EB005D2D14 /* Release */ = {
			isa = XCBuildConfiguration;
			buildSettings = {
				ALWAYS_SEARCH_USER_PATHS = NO;
				CLANG_ANALYZER_NONNULL = YES;
				CLANG_ANALYZER_NUMBER_OBJECT_CONVERSION = YES_AGGRESSIVE;
				CLANG_CXX_LANGUAGE_STANDARD = "gnu++17";
				CLANG_ENABLE_MODULES = YES;
				CLANG_ENABLE_OBJC_ARC = YES;
				CLANG_ENABLE_OBJC_WEAK = YES;
				CLANG_WARN_BLOCK_CAPTURE_AUTORELEASING = YES;
				CLANG_WARN_BOOL_CONVERSION = YES;
				CLANG_WARN_COMMA = YES;
				CLANG_WARN_CONSTANT_CONVERSION = YES;
				CLANG_WARN_DEPRECATED_OBJC_IMPLEMENTATIONS = YES;
				CLANG_WARN_DIRECT_OBJC_ISA_USAGE = YES_ERROR;
				CLANG_WARN_DOCUMENTATION_COMMENTS = YES;
				CLANG_WARN_EMPTY_BODY = YES;
				CLANG_WARN_ENUM_CONVERSION = YES;
				CLANG_WARN_INFINITE_RECURSION = YES;
				CLANG_WARN_INT_CONVERSION = YES;
				CLANG_WARN_NON_LITERAL_NULL_CONVERSION = YES;
				CLANG_WARN_OBJC_IMPLICIT_RETAIN_SELF = YES;
				CLANG_WARN_OBJC_LITERAL_CONVERSION = YES;
				CLANG_WARN_OBJC_ROOT_CLASS = YES_ERROR;
				CLANG_WARN_QUOTED_INCLUDE_IN_FRAMEWORK_HEADER = YES;
				CLANG_WARN_RANGE_LOOP_ANALYSIS = YES;
				CLANG_WARN_STRICT_PROTOTYPES = YES;
				CLANG_WARN_SUSPICIOUS_MOVE = YES;
				CLANG_WARN_UNGUARDED_AVAILABILITY = YES_AGGRESSIVE;
				CLANG_WARN_UNREACHABLE_CODE = YES;
				CLANG_WARN__DUPLICATE_METHOD_MATCH = YES;
				COPY_PHASE_STRIP = NO;
				DEBUG_INFORMATION_FORMAT = "dwarf-with-dsym";
				ENABLE_NS_ASSERTIONS = NO;
				ENABLE_STRICT_OBJC_MSGSEND = YES;
				GCC_C_LANGUAGE_STANDARD = gnu11;
				GCC_NO_COMMON_BLOCKS = YES;
				GCC_WARN_64_TO_32_BIT_CONVERSION = YES;
				GCC_WARN_ABOUT_RETURN_TYPE = YES_ERROR;
				GCC_WARN_UNDECLARED_SELECTOR = YES;
				GCC_WARN_UNINITIALIZED_AUTOS = YES_AGGRESSIVE;
				GCC_WARN_UNUSED_FUNCTION = YES;
				GCC_WARN_UNUSED_VARIABLE = YES;
				IPHONEOS_DEPLOYMENT_TARGET = 15.0;
				MTL_ENABLE_DEBUG_INFO = NO;
				MTL_FAST_MATH = YES;
				SDKROOT = iphoneos;
				SWIFT_COMPILATION_MODE = wholemodule;
				SWIFT_OPTIMIZATION_LEVEL = "-O";
				VALIDATE_PRODUCT = YES;
			};
			name = Release;
		};
		051C106F286EA7EB005D2D14 /* Debug */ = {
			isa = XCBuildConfiguration;
			buildSettings = {
				ASSETCATALOG_COMPILER_APPICON_NAME = AppIcon;
				ASSETCATALOG_COMPILER_GLOBAL_ACCENT_COLOR_NAME = AccentColor;
				CODE_SIGN_STYLE = Automatic;
				CURRENT_PROJECT_VERSION = 1;
				DEVELOPMENT_ASSET_PATHS = "\"TMDB-SwiftUI/Preview Content\"";
				ENABLE_PREVIEWS = YES;
				GENERATE_INFOPLIST_FILE = YES;
				INFOPLIST_KEY_UIApplicationSceneManifest_Generation = YES;
				INFOPLIST_KEY_UIApplicationSupportsIndirectInputEvents = YES;
				INFOPLIST_KEY_UILaunchScreen_Generation = YES;
				INFOPLIST_KEY_UISupportedInterfaceOrientations_iPad = "UIInterfaceOrientationPortrait UIInterfaceOrientationPortraitUpsideDown UIInterfaceOrientationLandscapeLeft UIInterfaceOrientationLandscapeRight";
				INFOPLIST_KEY_UISupportedInterfaceOrientations_iPhone = "UIInterfaceOrientationPortrait UIInterfaceOrientationLandscapeLeft UIInterfaceOrientationLandscapeRight";
				LD_RUNPATH_SEARCH_PATHS = (
					"$(inherited)",
					"@executable_path/Frameworks",
				);
				MARKETING_VERSION = 1.0;
				PRODUCT_BUNDLE_IDENTIFIER = "com.aldair.dev369.TMDB-SwiftUI";
				PRODUCT_NAME = "$(TARGET_NAME)";
				SWIFT_EMIT_LOC_STRINGS = YES;
				SWIFT_VERSION = 5.0;
				TARGETED_DEVICE_FAMILY = "1,2";
			};
			name = Debug;
		};
		051C1070286EA7EB005D2D14 /* Release */ = {
			isa = XCBuildConfiguration;
			buildSettings = {
				ASSETCATALOG_COMPILER_APPICON_NAME = AppIcon;
				ASSETCATALOG_COMPILER_GLOBAL_ACCENT_COLOR_NAME = AccentColor;
				CODE_SIGN_STYLE = Automatic;
				CURRENT_PROJECT_VERSION = 1;
				DEVELOPMENT_ASSET_PATHS = "\"TMDB-SwiftUI/Preview Content\"";
				ENABLE_PREVIEWS = YES;
				GENERATE_INFOPLIST_FILE = YES;
				INFOPLIST_KEY_UIApplicationSceneManifest_Generation = YES;
				INFOPLIST_KEY_UIApplicationSupportsIndirectInputEvents = YES;
				INFOPLIST_KEY_UILaunchScreen_Generation = YES;
				INFOPLIST_KEY_UISupportedInterfaceOrientations_iPad = "UIInterfaceOrientationPortrait UIInterfaceOrientationPortraitUpsideDown UIInterfaceOrientationLandscapeLeft UIInterfaceOrientationLandscapeRight";
				INFOPLIST_KEY_UISupportedInterfaceOrientations_iPhone = "UIInterfaceOrientationPortrait UIInterfaceOrientationLandscapeLeft UIInterfaceOrientationLandscapeRight";
				LD_RUNPATH_SEARCH_PATHS = (
					"$(inherited)",
					"@executable_path/Frameworks",
				);
				MARKETING_VERSION = 1.0;
				PRODUCT_BUNDLE_IDENTIFIER = "com.aldair.dev369.TMDB-SwiftUI";
				PRODUCT_NAME = "$(TARGET_NAME)";
				SWIFT_EMIT_LOC_STRINGS = YES;
				SWIFT_VERSION = 5.0;
				TARGETED_DEVICE_FAMILY = "1,2";
			};
			name = Release;
		};
		051C1072286EA7EB005D2D14 /* Debug */ = {
			isa = XCBuildConfiguration;
			buildSettings = {
				ALWAYS_EMBED_SWIFT_STANDARD_LIBRARIES = YES;
				BUNDLE_LOADER = "$(TEST_HOST)";
				CODE_SIGN_STYLE = Automatic;
				CURRENT_PROJECT_VERSION = 1;
				GENERATE_INFOPLIST_FILE = YES;
				IPHONEOS_DEPLOYMENT_TARGET = 15.4;
				MARKETING_VERSION = 1.0;
				PRODUCT_BUNDLE_IDENTIFIER = "com.aldair.dev369.TMDB-SwiftUITests";
				PRODUCT_NAME = "$(TARGET_NAME)";
				SWIFT_EMIT_LOC_STRINGS = NO;
				SWIFT_VERSION = 5.0;
				TARGETED_DEVICE_FAMILY = "1,2";
				TEST_HOST = "$(BUILT_PRODUCTS_DIR)/TMDB-SwiftUI.app/TMDB-SwiftUI";
			};
			name = Debug;
		};
		051C1073286EA7EB005D2D14 /* Release */ = {
			isa = XCBuildConfiguration;
			buildSettings = {
				ALWAYS_EMBED_SWIFT_STANDARD_LIBRARIES = YES;
				BUNDLE_LOADER = "$(TEST_HOST)";
				CODE_SIGN_STYLE = Automatic;
				CURRENT_PROJECT_VERSION = 1;
				GENERATE_INFOPLIST_FILE = YES;
				IPHONEOS_DEPLOYMENT_TARGET = 15.4;
				MARKETING_VERSION = 1.0;
				PRODUCT_BUNDLE_IDENTIFIER = "com.aldair.dev369.TMDB-SwiftUITests";
				PRODUCT_NAME = "$(TARGET_NAME)";
				SWIFT_EMIT_LOC_STRINGS = NO;
				SWIFT_VERSION = 5.0;
				TARGETED_DEVICE_FAMILY = "1,2";
				TEST_HOST = "$(BUILT_PRODUCTS_DIR)/TMDB-SwiftUI.app/TMDB-SwiftUI";
			};
			name = Release;
		};
		051C1075286EA7EB005D2D14 /* Debug */ = {
			isa = XCBuildConfiguration;
			buildSettings = {
				ALWAYS_EMBED_SWIFT_STANDARD_LIBRARIES = YES;
				CODE_SIGN_STYLE = Automatic;
				CURRENT_PROJECT_VERSION = 1;
				GENERATE_INFOPLIST_FILE = YES;
				MARKETING_VERSION = 1.0;
				PRODUCT_BUNDLE_IDENTIFIER = "com.aldair.dev369.TMDB-SwiftUIUITests";
				PRODUCT_NAME = "$(TARGET_NAME)";
				SWIFT_EMIT_LOC_STRINGS = NO;
				SWIFT_VERSION = 5.0;
				TARGETED_DEVICE_FAMILY = "1,2";
				TEST_TARGET_NAME = "TMDB-SwiftUI";
			};
			name = Debug;
		};
		051C1076286EA7EB005D2D14 /* Release */ = {
			isa = XCBuildConfiguration;
			buildSettings = {
				ALWAYS_EMBED_SWIFT_STANDARD_LIBRARIES = YES;
				CODE_SIGN_STYLE = Automatic;
				CURRENT_PROJECT_VERSION = 1;
				GENERATE_INFOPLIST_FILE = YES;
				MARKETING_VERSION = 1.0;
				PRODUCT_BUNDLE_IDENTIFIER = "com.aldair.dev369.TMDB-SwiftUIUITests";
				PRODUCT_NAME = "$(TARGET_NAME)";
				SWIFT_EMIT_LOC_STRINGS = NO;
				SWIFT_VERSION = 5.0;
				TARGETED_DEVICE_FAMILY = "1,2";
				TEST_TARGET_NAME = "TMDB-SwiftUI";
			};
			name = Release;
		};
/* End XCBuildConfiguration section */

/* Begin XCConfigurationList section */
		051C1045286EA7E9005D2D14 /* Build configuration list for PBXProject "TMDB-SwiftUI" */ = {
			isa = XCConfigurationList;
			buildConfigurations = (
				051C106C286EA7EB005D2D14 /* Debug */,
				051C106D286EA7EB005D2D14 /* Release */,
			);
			defaultConfigurationIsVisible = 0;
			defaultConfigurationName = Release;
		};
		051C106E286EA7EB005D2D14 /* Build configuration list for PBXNativeTarget "TMDB-SwiftUI" */ = {
			isa = XCConfigurationList;
			buildConfigurations = (
				051C106F286EA7EB005D2D14 /* Debug */,
				051C1070286EA7EB005D2D14 /* Release */,
			);
			defaultConfigurationIsVisible = 0;
			defaultConfigurationName = Release;
		};
		051C1071286EA7EB005D2D14 /* Build configuration list for PBXNativeTarget "TMDB-SwiftUITests" */ = {
			isa = XCConfigurationList;
			buildConfigurations = (
				051C1072286EA7EB005D2D14 /* Debug */,
				051C1073286EA7EB005D2D14 /* Release */,
			);
			defaultConfigurationIsVisible = 0;
			defaultConfigurationName = Release;
		};
		051C1074286EA7EB005D2D14 /* Build configuration list for PBXNativeTarget "TMDB-SwiftUIUITests" */ = {
			isa = XCConfigurationList;
			buildConfigurations = (
				051C1075286EA7EB005D2D14 /* Debug */,
				051C1076286EA7EB005D2D14 /* Release */,
			);
			defaultConfigurationIsVisible = 0;
			defaultConfigurationName = Release;
		};
/* End XCConfigurationList section */
	};
	rootObject = 051C1042286EA7E9005D2D14 /* Project object */;
}
